<?xml version="1.0" encoding="utf-8"?>
<Project ToolsVersion="4.0" xmlns="http://schemas.microsoft.com/developer/msbuild/2003">
  <ItemGroup>
    <Filter Include="Source Files">
      <UniqueIdentifier>{4FC737F1-C7A5-4376-A066-2A32D752A2FF}</UniqueIdentifier>
      <Extensions>cpp;c;cc;cxx;def;odl;idl;hpj;bat;asm;asmx</Extensions>
    </Filter>
    <Filter Include="Header Files">
      <UniqueIdentifier>{93995380-89BD-4b04-88EB-625FBE52EBFB}</UniqueIdentifier>
      <Extensions>h;hh;hpp;hxx;hm;inl;inc;xsd</Extensions>
    </Filter>
    <Filter Include="Resource Files">
      <UniqueIdentifier>{67DA6AB6-F800-4c08-8B7A-83BB121AAD01}</UniqueIdentifier>
      <Extensions>rc;ico;cur;bmp;dlg;rc2;rct;bin;rgs;gif;jpg;jpeg;jpe;resx;tiff;tif;png;wav</Extensions>
    </Filter>
  </ItemGroup>
  <ItemGroup>
    <ClCompile Include="lex.yy.cpp">
      <Filter>Source Files</Filter>
    </ClCompile>
    <ClCompile Include="main.cpp">
      <Filter>Source Files</Filter>
    </ClCompile>
    <ClCompile Include="parser_classes\all_include.cpp">
      <Filter>Source Files</Filter>
    </ClCompile>
    <ClCompile Include="parser_classes\anonfunctiondef\AnonFunctionDefNode.cpp">
      <Filter>Source Files</Filter>
    </ClCompile>
    <ClCompile Include="parser_classes\anonfunctiondef\AnonFunctionDefType.cpp">
      <Filter>Source Files</Filter>
    </ClCompile>
    <ClCompile Include="parser_classes\classaccessmod\ClassAccessMod.cpp">
      <Filter>Source Files</Filter>
    </ClCompile>
    <ClCompile Include="parser_classes\classaccessmod\ClassAccessModNode.cpp">
      <Filter>Source Files</Filter>
    </ClCompile>
    <ClCompile Include="parser_classes\classdef\ClassDefNode.cpp">
      <Filter>Source Files</Filter>
    </ClCompile>
    <ClCompile Include="parser_classes\classdef\ClassDefType.cpp">
      <Filter>Source Files</Filter>
    </ClCompile>
    <ClCompile Include="parser_classes\classstmt\ClassExprNode.cpp">
      <Filter>Source Files</Filter>
    </ClCompile>
    <ClCompile Include="parser_classes\classstmt\ClassExprType.cpp">
      <Filter>Source Files</Filter>
    </ClCompile>
    <ClCompile Include="parser_classes\classstmt\ClassStmtDeclNode.cpp">
      <Filter>Source Files</Filter>
    </ClCompile>
    <ClCompile Include="parser_classes\classstmt\ClassStmtDeclType.cpp">
      <Filter>Source Files</Filter>
    </ClCompile>
    <ClCompile Include="parser_classes\classstmt\ClassStmtNode.cpp">
      <Filter>Source Files</Filter>
    </ClCompile>
    <ClCompile Include="parser_classes\classstmt\ClassStmtType.cpp">
      <Filter>Source Files</Filter>
    </ClCompile>
    <ClCompile Include="parser_classes\constdecl\ConstDeclNode.cpp">
      <Filter>Source Files</Filter>
    </ClCompile>
    <ClCompile Include="parser_classes\dowhilestmt\DoWhileStmtNode.cpp">
      <Filter>Source Files</Filter>
    </ClCompile>
    <ClCompile Include="parser_classes\expr\ExprNode.cpp">
      <Filter>Source Files</Filter>
    </ClCompile>
    <ClCompile Include="parser_classes\expr\ExprType.cpp">
      <Filter>Source Files</Filter>
    </ClCompile>
    <ClCompile Include="parser_classes\exprfunc\ExprFuncNode.cpp">
      <Filter>Source Files</Filter>
    </ClCompile>
    <ClCompile Include="parser_classes\exprfunc\ExprFuncType.cpp">
      <Filter>Source Files</Filter>
    </ClCompile>
    <ClCompile Include="parser_classes\foreachstmt\ForEachStmtNode.cpp">
      <Filter>Source Files</Filter>
    </ClCompile>
    <ClCompile Include="parser_classes\foreachstmt\ForEachStmtType.cpp">
      <Filter>Source Files</Filter>
    </ClCompile>
    <ClCompile Include="parser_classes\forstmt\ForStmtNode.cpp">
      <Filter>Source Files</Filter>
    </ClCompile>
    <ClCompile Include="parser_classes\forstmt\ForStmtType.cpp">
      <Filter>Source Files</Filter>
    </ClCompile>
    <ClCompile Include="parser_classes\functiondef\FunctionDefNode.cpp">
      <Filter>Source Files</Filter>
    </ClCompile>
    <ClCompile Include="parser_classes\functiondef\FunctionDefType.cpp">
      <Filter>Source Files</Filter>
    </ClCompile>
    <ClCompile Include="parser_classes\functionstmtdecl\FunctionStmtDeclNode.cpp">
      <Filter>Source Files</Filter>
    </ClCompile>
    <ClCompile Include="parser_classes\getvalue\GetValueNode.cpp">
      <Filter>Source Files</Filter>
    </ClCompile>
    <ClCompile Include="parser_classes\getvaluefunc\GetValueFuncNode.cpp">
      <Filter>Source Files</Filter>
    </ClCompile>
    <ClCompile Include="parser_classes\getvaluefunc\GetValueFuncType.cpp">
      <Filter>Source Files</Filter>
    </ClCompile>
    <ClCompile Include="parser_classes\globalvar\GlobalVarNode.cpp">
      <Filter>Source Files</Filter>
    </ClCompile>
    <ClCompile Include="parser_classes\htmlstmt\HtmlStmtNode.cpp">
      <Filter>Source Files</Filter>
    </ClCompile>
    <ClCompile Include="parser_classes\ifstmt\IfStmtNode.cpp">
      <Filter>Source Files</Filter>
    </ClCompile>
    <ClCompile Include="parser_classes\ifstmt\IfStmtType.cpp">
      <Filter>Source Files</Filter>
    </ClCompile>
    <ClCompile Include="parser_classes\interfaceexprdef\InterfaceExprDefNode.cpp">
      <Filter>Source Files</Filter>
    </ClCompile>
    <ClCompile Include="parser_classes\interfaceexprdef\InterfaceExprDefType.cpp">
      <Filter>Source Files</Filter>
    </ClCompile>
    <ClCompile Include="parser_classes\interfacestmt\InterfaceStmtDeclNode.cpp">
      <Filter>Source Files</Filter>
    </ClCompile>
    <ClCompile Include="parser_classes\interfacestmt\InterfaceStmtNode.cpp">
      <Filter>Source Files</Filter>
    </ClCompile>
    <ClCompile Include="parser_classes\matchstmt\MatchArmNode.cpp">
      <Filter>Source Files</Filter>
    </ClCompile>
    <ClCompile Include="parser_classes\matchstmt\MatchArmType.cpp">
      <Filter>Source Files</Filter>
    </ClCompile>
    <ClCompile Include="parser_classes\matchstmt\MatchStmtNode.cpp">
      <Filter>Source Files</Filter>
    </ClCompile>
    <ClCompile Include="parser_classes\start\StartNode.cpp">
      <Filter>Source Files</Filter>
    </ClCompile>
    <ClCompile Include="parser_classes\staticvar\StaticVarNode.cpp">
      <Filter>Source Files</Filter>
    </ClCompile>
    <ClCompile Include="parser_classes\staticvar\StaticVarType.cpp">
      <Filter>Source Files</Filter>
    </ClCompile>
    <ClCompile Include="parser_classes\stmt\StmtNode.cpp">
      <Filter>Source Files</Filter>
    </ClCompile>
    <ClCompile Include="parser_classes\stmt\StmtType.cpp">
      <Filter>Source Files</Filter>
    </ClCompile>
    <ClCompile Include="parser_classes\switchcasestmt\CaseDefaultStmtNode.cpp">
      <Filter>Source Files</Filter>
    </ClCompile>
    <ClCompile Include="parser_classes\switchcasestmt\CaseDefaultType.cpp">
      <Filter>Source Files</Filter>
    </ClCompile>
    <ClCompile Include="parser_classes\switchcasestmt\SwitchStmtNode.cpp">
      <Filter>Source Files</Filter>
    </ClCompile>
    <ClCompile Include="parser_classes\switchcasestmt\SwitchStmtType.cpp">
      <Filter>Source Files</Filter>
    </ClCompile>
    <ClCompile Include="parser_classes\topstmt\TopStmtNode.cpp">
      <Filter>Source Files</Filter>
    </ClCompile>
    <ClCompile Include="parser_classes\topstmt\TopStmtType.cpp">
      <Filter>Source Files</Filter>
    </ClCompile>
    <ClCompile Include="parser_classes\traitstmtdecl\TraitStmtDeclNode.cpp">
      <Filter>Source Files</Filter>
    </ClCompile>
    <ClCompile Include="parser_classes\trycatchstmt\CatchStmtNode.cpp">
      <Filter>Source Files</Filter>
    </ClCompile>
    <ClCompile Include="parser_classes\trycatchstmt\CatchStmtType.cpp">
      <Filter>Source Files</Filter>
    </ClCompile>
    <ClCompile Include="parser_classes\trycatchstmt\TryCatchStmtNode.cpp">
      <Filter>Source Files</Filter>
    </ClCompile>
    <ClCompile Include="parser_classes\trycatchstmt\TryCatchStmtType.cpp">
      <Filter>Source Files</Filter>
    </ClCompile>
    <ClCompile Include="parser_classes\trycatchstmt\TryStmtNode.cpp">
      <Filter>Source Files</Filter>
    </ClCompile>
    <ClCompile Include="parser_classes\vector_classes\ExprList.cpp">
      <Filter>Source Files</Filter>
    </ClCompile>
    <ClCompile Include="parser_classes\vector_classes\casedefaultstmtlist\CaseDefaultStmtList.cpp">
      <Filter>Source Files</Filter>
    </ClCompile>
    <ClCompile Include="parser_classes\vector_classes\classaccessmodlist\ClassAccessModList.cpp">
      <Filter>Source Files</Filter>
    </ClCompile>
    <ClCompile Include="parser_classes\vector_classes\classstmtlist\ClassStmtList.cpp">
      <Filter>Source Files</Filter>
    </ClCompile>
    <ClCompile Include="parser_classes\vector_classes\constdecllist\ConstDeclList.cpp">
      <Filter>Source Files</Filter>
    </ClCompile>
    <ClCompile Include="parser_classes\vector_classes\exprfunclist\ExprFuncList.cpp">
      <Filter>Source Files</Filter>
    </ClCompile>
    <ClCompile Include="parser_classes\vector_classes\getvaluefunclist\GetValueFuncList.cpp">
      <Filter>Source Files</Filter>
    </ClCompile>
    <ClCompile Include="parser_classes\vector_classes\globalvarlist\GlobalVarList.cpp">
      <Filter>Source Files</Filter>
    </ClCompile>
    <ClCompile Include="parser_classes\vector_classes\idlist\IdListNode.cpp">
      <Filter>Source Files</Filter>
    </ClCompile>
    <ClCompile Include="parser_classes\vector_classes\interfacestmtlist\InterfaceStmtList.cpp">
      <Filter>Source Files</Filter>
    </ClCompile>
    <ClCompile Include="parser_classes\vector_classes\matcharmlist\MatchArmList.cpp">
      <Filter>Source Files</Filter>
    </ClCompile>
    <ClCompile Include="parser_classes\vector_classes\staticvarlist\StaticVarList.cpp">
      <Filter>Source Files</Filter>
    </ClCompile>
    <ClCompile Include="parser_classes\vector_classes\stmtlist\StmtList.cpp">
      <Filter>Source Files</Filter>
    </ClCompile>
    <ClCompile Include="parser_classes\vector_classes\topstmtlist\TopStmtList.cpp">
      <Filter>Source Files</Filter>
    </ClCompile>
    <ClCompile Include="parser_classes\whilestmt\WhileStmtNode.cpp">
      <Filter>Source Files</Filter>
    </ClCompile>
    <ClCompile Include="parser_classes\whilestmt\WhileStmtType.cpp">
      <Filter>Source Files</Filter>
    </ClCompile>
    <ClCompile Include="parser.tab.cpp">
      <Filter>Source Files</Filter>
    </ClCompile>
  </ItemGroup>
  <ItemGroup>
    <ClInclude Include="FlexLexer.h">
      <Filter>Header Files</Filter>
    </ClInclude>
    <ClInclude Include="data\skeletons\stack.hh">
      <Filter>Header Files</Filter>
    </ClInclude>
    <ClInclude Include="data\skeletons\variant.hh">
      <Filter>Header Files</Filter>
    </ClInclude>
    <ClInclude Include="parser_classes\all_include.hpp">
      <Filter>Header Files</Filter>
    </ClInclude>
    <ClInclude Include="parser_classes\anonfunctiondef\AnonFunctionDefNode.hpp">
      <Filter>Header Files</Filter>
    </ClInclude>
    <ClInclude Include="parser_classes\classaccessmod\ClassAccessModNode.hpp">
      <Filter>Header Files</Filter>
    </ClInclude>
    <ClInclude Include="parser_classes\classdef\ClassDefNode.hpp">
      <Filter>Header Files</Filter>
    </ClInclude>
    <ClInclude Include="parser_classes\classstmt\ClassExprNode.hpp">
      <Filter>Header Files</Filter>
    </ClInclude>
    <ClInclude Include="parser_classes\classstmt\ClassStmtDeclNode.hpp">
      <Filter>Header Files</Filter>
    </ClInclude>
    <ClInclude Include="parser_classes\classstmt\ClassStmtNode.hpp">
      <Filter>Header Files</Filter>
    </ClInclude>
    <ClInclude Include="parser_classes\constdecl\ConstDeclNode.hpp">
      <Filter>Header Files</Filter>
    </ClInclude>
    <ClInclude Include="parser_classes\dowhilestmt\DoWhileStmtNode.hpp">
      <Filter>Header Files</Filter>
    </ClInclude>
    <ClInclude Include="parser_classes\expr\ExprNode.hpp">
      <Filter>Header Files</Filter>
    </ClInclude>
    <ClInclude Include="parser_classes\exprfunc\ExprFuncNode.hpp">
      <Filter>Header Files</Filter>
    </ClInclude>
    <ClInclude Include="parser_classes\foreachstmt\ForEachStmtNode.hpp">
      <Filter>Header Files</Filter>
    </ClInclude>
    <ClInclude Include="parser_classes\forstmt\ForStmtNode.hpp">
      <Filter>Header Files</Filter>
    </ClInclude>
    <ClInclude Include="parser_classes\functiondef\FunctionDefNode.hpp">
      <Filter>Header Files</Filter>
    </ClInclude>
    <ClInclude Include="parser_classes\functionstmtdecl\FunctionStmtDeclNode.hpp">
      <Filter>Header Files</Filter>
    </ClInclude>
    <ClInclude Include="parser_classes\getvalue\GetValueNode.hpp">
      <Filter>Header Files</Filter>
    </ClInclude>
    <ClInclude Include="parser_classes\getvaluefunc\GetValueFuncNode.hpp">
      <Filter>Header Files</Filter>
    </ClInclude>
    <ClInclude Include="parser_classes\globalvar\GlobalVarNode.hpp">
      <Filter>Header Files</Filter>
    </ClInclude>
    <ClInclude Include="parser_classes\htmlstmt\HtmlStmtNode.hpp">
      <Filter>Header Files</Filter>
    </ClInclude>
    <ClInclude Include="parser_classes\ifstmt\IfStmtNode.hpp">
      <Filter>Header Files</Filter>
    </ClInclude>
    <ClInclude Include="parser_classes\interfaceexprdef\InterfaceExprDefNode.hpp">
      <Filter>Header Files</Filter>
    </ClInclude>
    <ClInclude Include="parser_classes\interfacestmt\InterfaceStmtDeclNode.hpp">
      <Filter>Header Files</Filter>
    </ClInclude>
    <ClInclude Include="parser_classes\interfacestmt\InterfaceStmtNode.hpp">
      <Filter>Header Files</Filter>
    </ClInclude>
    <ClInclude Include="parser_classes\matchstmt\MatchArmNode.hpp">
      <Filter>Header Files</Filter>
    </ClInclude>
    <ClInclude Include="parser_classes\matchstmt\MatchStmtNode.hpp">
      <Filter>Header Files</Filter>
    </ClInclude>
    <ClInclude Include="parser_classes\start\StartNode.hpp">
      <Filter>Header Files</Filter>
    </ClInclude>
    <ClInclude Include="parser_classes\staticvar\StaticVarNode.hpp">
      <Filter>Header Files</Filter>
    </ClInclude>
    <ClInclude Include="parser_classes\stmt\StmtNode.hpp">
      <Filter>Header Files</Filter>
    </ClInclude>
    <ClInclude Include="parser_classes\switchcasestmt\CaseDefaultStmtNode.hpp">
      <Filter>Header Files</Filter>
    </ClInclude>
    <ClInclude Include="parser_classes\switchcasestmt\SwitchStmtNode.hpp">
      <Filter>Header Files</Filter>
    </ClInclude>
    <ClInclude Include="parser_classes\topstmt\TopStmtNode.hpp">
      <Filter>Header Files</Filter>
    </ClInclude>
    <ClInclude Include="parser_classes\traitstmtdecl\TraitStmtDeclNode.hpp">
      <Filter>Header Files</Filter>
    </ClInclude>
    <ClInclude Include="parser_classes\trycatchstmt\CatchStmtNode.hpp">
      <Filter>Header Files</Filter>
    </ClInclude>
    <ClInclude Include="parser_classes\trycatchstmt\TryCatchStmtNode.hpp">
      <Filter>Header Files</Filter>
    </ClInclude>
    <ClInclude Include="parser_classes\trycatchstmt\TryStmtNode.hpp">
      <Filter>Header Files</Filter>
    </ClInclude>
    <ClInclude Include="parser_classes\vector_classes\ExprList.hpp">
      <Filter>Header Files</Filter>
    </ClInclude>
    <ClInclude Include="parser_classes\vector_classes\casedefaultstmtlist\CaseDefaultStmtList.hpp">
      <Filter>Header Files</Filter>
    </ClInclude>
    <ClInclude Include="parser_classes\vector_classes\classaccessmodlist\ClassAccessModList.hpp">
      <Filter>Header Files</Filter>
    </ClInclude>
    <ClInclude Include="parser_classes\vector_classes\classstmtlist\ClassStmtList.hpp">
      <Filter>Header Files</Filter>
    </ClInclude>
    <ClInclude Include="parser_classes\vector_classes\constdecllist\ConstDeclList.hpp">
      <Filter>Header Files</Filter>
    </ClInclude>
    <ClInclude Include="parser_classes\vector_classes\exprfunclist\ExprFuncList.hpp">
      <Filter>Header Files</Filter>
    </ClInclude>
    <ClInclude Include="parser_classes\vector_classes\getvaluefunclist\GetValueFuncList.hpp">
      <Filter>Header Files</Filter>
    </ClInclude>
    <ClInclude Include="parser_classes\vector_classes\globalvarlist\GlobalVarList.hpp">
      <Filter>Header Files</Filter>
    </ClInclude>
    <ClInclude Include="parser_classes\vector_classes\idlist\IdListNode.hpp">
      <Filter>Header Files</Filter>
    </ClInclude>
    <ClInclude Include="parser_classes\vector_classes\interfacestmtlist\InterfaceStmtList.hpp">
      <Filter>Header Files</Filter>
    </ClInclude>
    <ClInclude Include="parser_classes\vector_classes\matcharmlist\MatchArmList.hpp">
      <Filter>Header Files</Filter>
    </ClInclude>
    <ClInclude Include="parser_classes\vector_classes\staticvarlist\StaticVarList.hpp">
      <Filter>Header Files</Filter>
    </ClInclude>
    <ClInclude Include="parser_classes\vector_classes\stmtlist\StmtList.hpp">
      <Filter>Header Files</Filter>
    </ClInclude>
    <ClInclude Include="parser_classes\vector_classes\topstmtlist\TopStmtList.hpp">
      <Filter>Header Files</Filter>
    </ClInclude>
    <ClInclude Include="parser_classes\whilestmt\WhileStmtNode.hpp">
      <Filter>Header Files</Filter>
    </ClInclude>
    <ClInclude Include="parser.tab.hpp">
      <Filter>Header Files</Filter>
    </ClInclude>
  </ItemGroup>
</Project>